
Microsoft Visual Studio Solution File, Format Version 12.00
# Visual Studio Version 16
VisualStudioVersion = 16.0.30104.148
MinimumVisualStudioVersion = 10.0.40219.1
Project("{FAE04EC0-301F-11D3-BF4B-00C04F79EFBC}") = "AttackDrone", "AttackDrone\AttackDrone.csproj", "{708D0E3B-0037-494B-8E23-6C2A190CFE0E}"
EndProject
Project("{FAE04EC0-301F-11D3-BF4B-00C04F79EFBC}") = "AttackDroneSimple", "AttackDroneSimple\AttackDroneSimple.csproj", "{88C21085-026A-41E9-903E-5AC1780345DD}"
EndProject
Project("{D954291E-2A0B-460D-934E-DC6B0785DB48}") = "WCSupport", "WCSupport\WCSupport.shproj", "{AB796356-1654-4F71-9220-7527BF156A96}"
EndProject
Global
	GlobalSection(SharedMSBuildProjectFiles) = preSolution
		WCSupport\WCSupport.projitems*{708d0e3b-0037-494b-8e23-6c2a190cfe0e}*SharedItemsImports = 4
		WCSupport\WCSupport.projitems*{88c21085-026a-41e9-903e-5ac1780345dd}*SharedItemsImports = 4
		WCSupport\WCSupport.projitems*{ab796356-1654-4f71-9220-7527bf156a96}*SharedItemsImports = 13
	EndGlobalSection
	GlobalSection(SolutionConfigurationPlatforms) = preSolution
		Debug|x64 = Debug|x64
	EndGlobalSection
	GlobalSection(ProjectConfigurationPlatforms) = postSolution
		{708D0E3B-0037-494B-8E23-6C2A190CFE0E}.Debug|x64.ActiveCfg = Debug|x64
		{708D0E3B-0037-494B-8E23-6C2A190CFE0E}.Debug|x64.Build.0 = Debug|x64
		{88C21085-026A-41E9-903E-5AC1780345DD}.Debug|x64.ActiveCfg = Debug|x64
		{88C21085-026A-41E9-903E-5AC1780345DD}.Debug|x64.Build.0 = Debug|x64
	EndGlobalSection
	GlobalSection(SolutionProperties) = preSolution
		HideSolutionNode = FALSE
	EndGlobalSection
	GlobalSection(ExtensibilityGlobals) = postSolution
		SolutionGuid = {BF6A7B86-DCEC-4866-8829-131C16D9C92A}
	EndGlobalSection
EndGlobal
